dependencies:
- name: redis-ephemeral
  repository: file://../redis-ephemeral
  version: 0.0.42
- name: elasticsearch-ephemeral
  repository: file://../elasticsearch-ephemeral
  version: 0.0.42
- name: cassandra-ephemeral
  repository: file://../cassandra-ephemeral
  version: 0.0.42
digest: sha256:4823a08d157c758c74b031abfa35a8e480bd14c29aeed9a4ac5c6cda36344eba
generated: "2024-07-30T15:24:18.715505227+02:00"
